
Microsoft Visual Studio Solution File, Format Version 12.00
# Visual Studio 15
VisualStudioVersion = 15.0.27428.2002
MinimumVisualStudioVersion = 10.0.40219.1
Project("{FAE04EC0-301F-11D3-BF4B-00C04F79EFBC}") = "Microsoft.CodeAnalysis.CSharp.PatternMatching", "Microsoft.CodeAnalysis.CSharp.PatternMatching\Microsoft.CodeAnalysis.CSharp.PatternMatching.csproj", "{54C5BB9A-B349-4EDD-ABE1-4BC7A8A7A1E4}"
EndProject
Project("{FAE04EC0-301F-11D3-BF4B-00C04F79EFBC}") = "Microsoft.CodeAnalysis.CSharp.PatternMatching.Test", "Microsoft.CodeAnalysis.CSharp.PatternMatching.Test\Microsoft.CodeAnalysis.CSharp.PatternMatching.Test.csproj", "{D3896687-4DBC-41CD-B817-0D5D9F222C51}"
EndProject
Global
	GlobalSection(SolutionConfigurationPlatforms) = preSolution
		Debug|Any CPU = Debug|Any CPU
		Release|Any CPU = Release|Any CPU
	EndGlobalSection
	GlobalSection(ProjectConfigurationPlatforms) = postSolution
		{54C5BB9A-B349-4EDD-ABE1-4BC7A8A7A1E4}.Debug|Any CPU.ActiveCfg = Debug|Any CPU
		{54C5BB9A-B349-4EDD-ABE1-4BC7A8A7A1E4}.Debug|Any CPU.Build.0 = Debug|Any CPU
		{54C5BB9A-B349-4EDD-ABE1-4BC7A8A7A1E4}.Release|Any CPU.ActiveCfg = Release|Any CPU
		{54C5BB9A-B349-4EDD-ABE1-4BC7A8A7A1E4}.Release|Any CPU.Build.0 = Release|Any CPU
		{D3896687-4DBC-41CD-B817-0D5D9F222C51}.Debug|Any CPU.ActiveCfg = Debug|Any CPU
		{D3896687-4DBC-41CD-B817-0D5D9F222C51}.Debug|Any CPU.Build.0 = Debug|Any CPU
		{D3896687-4DBC-41CD-B817-0D5D9F222C51}.Release|Any CPU.ActiveCfg = Release|Any CPU
		{D3896687-4DBC-41CD-B817-0D5D9F222C51}.Release|Any CPU.Build.0 = Release|Any CPU
	EndGlobalSection
	GlobalSection(SolutionProperties) = preSolution
		HideSolutionNode = FALSE
	EndGlobalSection
	GlobalSection(ExtensibilityGlobals) = postSolution
		SolutionGuid = {B8CB3449-5906-4135-ABB3-60B6D3ABC6F6}
	EndGlobalSection
EndGlobal
